// !$*UTF8*$!
{
	archiveVersion = 1;
	classes = {
	};
	objectVersion = 50;
	objects = {

/* Begin PBXBuildFile section */
		8FCA7A4321BA06D100D7EC9F /* AppDelegate.swift in Sources */ = {isa = PBXBuildFile; fileRef = 8FCA7A4221BA06D100D7EC9F /* AppDelegate.swift */; };
		8FCA7A4521BA06D100D7EC9F /* ViewController.swift in Sources */ = {isa = PBXBuildFile; fileRef = 8FCA7A4421BA06D100D7EC9F /* ViewController.swift */; };
		8FCA7A4821BA06D100D7EC9F /* Main.storyboard in Resources */ = {isa = PBXBuildFile; fileRef = 8FCA7A4621BA06D100D7EC9F /* Main.storyboard */; };
		8FCA7A4A21BA06D400D7EC9F /* Assets.xcassets in Resources */ = {isa = PBXBuildFile; fileRef = 8FCA7A4921BA06D400D7EC9F /* Assets.xcassets */; };
		8FCA7A4D21BA06D400D7EC9F /* LaunchScreen.storyboard in Resources */ = {isa = PBXBuildFile; fileRef = 8FCA7A4B21BA06D400D7EC9F /* LaunchScreen.storyboard */; };
		8FCA7A5821BA06D400D7EC9F /* test120702Tests.swift in Sources */ = {isa = PBXBuildFile; fileRef = 8FCA7A5721BA06D400D7EC9F /* test120702Tests.swift */; };
		8FCA7A6321BA06D400D7EC9F /* test120702UITests.swift in Sources */ = {isa = PBXBuildFile; fileRef = 8FCA7A6221BA06D400D7EC9F /* test120702UITests.swift */; };
/* End PBXBuildFile section */

/* Begin PBXContainerItemProxy section */
		8FCA7A5421BA06D400D7EC9F /* PBXContainerItemProxy */ = {
			isa = PBXContainerItemProxy;
			containerPortal = 8FCA7A3721BA06D100D7EC9F /* Project object */;
			proxyType = 1;
			remoteGlobalIDString = 8FCA7A3E21BA06D100D7EC9F;
			remoteInfo = test120702;
		};
		8FCA7A5F21BA06D400D7EC9F /* PBXContainerItemProxy */ = {
			isa = PBXContainerItemProxy;
			containerPortal = 8FCA7A3721BA06D100D7EC9F /* Project object */;
			proxyType = 1;
			remoteGlobalIDString = 8FCA7A3E21BA06D100D7EC9F;
			remoteInfo = test120702;
		};
/* End PBXContainerItemProxy section */

/* Begin PBXFileReference section */
		8FCA7A3F21BA06D100D7EC9F /* test120702.app */ = {isa = PBXFileReference; explicitFileType = wrapper.application; includeInIndex = 0; path = test120702.app; sourceTree = BUILT_PRODUCTS_DIR; };
		8FCA7A4221BA06D100D7EC9F /* AppDelegate.swift */ = {isa = PBXFileReference; lastKnownFileType = sourcecode.swift; path = AppDelegate.swift; sourceTree = "<group>"; };
		8FCA7A4421BA06D100D7EC9F /* ViewController.swift */ = {isa = PBXFileReference; lastKnownFileType = sourcecode.swift; path = ViewController.swift; sourceTree = "<group>"; };
		8FCA7A4721BA06D100D7EC9F /* Base */ = {isa = PBXFileReference; lastKnownFileType = file.storyboard; name = Base; path = Base.lproj/Main.storyboard; sourceTree = "<group>"; };
		8FCA7A4921BA06D400D7EC9F /* Assets.xcassets */ = {isa = PBXFileReference; lastKnownFileType = folder.assetcatalog; path = Assets.xcassets; sourceTree = "<group>"; };
		8FCA7A4C21BA06D400D7EC9F /* Base */ = {isa = PBXFileReference; lastKnownFileType = file.storyboard; name = Base; path = Base.lproj/LaunchScreen.storyboard; sourceTree = "<group>"; };
		8FCA7A4E21BA06D400D7EC9F /* Info.plist */ = {isa = PBXFileReference; lastKnownFileType = text.plist.xml; path = Info.plist; sourceTree = "<group>"; };
		8FCA7A5321BA06D400D7EC9F /* test120702Tests.xctest */ = {isa = PBXFileReference; explicitFileType = wrapper.cfbundle; includeInIndex = 0; path = test120702Tests.xctest; sourceTree = BUILT_PRODUCTS_DIR; };
		8FCA7A5721BA06D400D7EC9F /* test120702Tests.swift */ = {isa = PBXFileReference; lastKnownFileType = sourcecode.swift; path = test120702Tests.swift; sourceTree = "<group>"; };
		8FCA7A5921BA06D400D7EC9F /* Info.plist */ = {isa = PBXFileReference; lastKnownFileType = text.plist.xml; path = Info.plist; sourceTree = "<group>"; };
		8FCA7A5E21BA06D400D7EC9F /* test120702UITests.xctest */ = {isa = PBXFileReference; explicitFileType = wrapper.cfbundle; includeInIndex = 0; path = test120702UITests.xctest; sourceTree = BUILT_PRODUCTS_DIR; };
		8FCA7A6221BA06D400D7EC9F /* test120702UITests.swift */ = {isa = PBXFileReference; lastKnownFileType = sourcecode.swift; path = test120702UITests.swift; sourceTree = "<group>"; };
		8FCA7A6421BA06D400D7EC9F /* Info.plist */ = {isa = PBXFileReference; lastKnownFileType = text.plist.xml; path = Info.plist; sourceTree = "<group>"; };
/* End PBXFileReference section */

/* Begin PBXFrameworksBuildPhase section */
		8FCA7A3C21BA06D100D7EC9F /* Frameworks */ = {
			isa = PBXFrameworksBuildPhase;
			buildActionMask = 2147483647;
			files = (
			);
			runOnlyForDeploymentPostprocessing = 0;
		};
		8FCA7A5021BA06D400D7EC9F /* Frameworks */ = {
			isa = PBXFrameworksBuildPhase;
			buildActionMask = 2147483647;
			files = (
			);
			runOnlyForDeploymentPostprocessing = 0;
		};
		8FCA7A5B21BA06D400D7EC9F /* Frameworks */ = {
			isa = PBXFrameworksBuildPhase;
			buildActionMask = 2147483647;
			files = (
			);
			runOnlyForDeploymentPostprocessing = 0;
		};
/* End PBXFrameworksBuildPhase section */

/* Begin PBXGroup section */
		8FCA7A3621BA06D100D7EC9F = {
			isa = PBXGroup;
			children = (
				8FCA7A4121BA06D100D7EC9F /* test120702 */,
				8FCA7A5621BA06D400D7EC9F /* test120702Tests */,
				8FCA7A6121BA06D400D7EC9F /* test120702UITests */,
				8FCA7A4021BA06D100D7EC9F /* Products */,
			);
			sourceTree = "<group>";
		};
		8FCA7A4021BA06D100D7EC9F /* Products */ = {
			isa = PBXGroup;
			children = (
				8FCA7A3F21BA06D100D7EC9F /* test120702.app */,
				8FCA7A5321BA06D400D7EC9F /* test120702Tests.xctest */,
				8FCA7A5E21BA06D400D7EC9F /* test120702UITests.xctest */,
			);
			name = Products;
			sourceTree = "<group>";
		};
		8FCA7A4121BA06D100D7EC9F /* test120702 */ = {
			isa = PBXGroup;
			children = (
				8FCA7A4221BA06D100D7EC9F /* AppDelegate.swift */,
				8FCA7A4421BA06D100D7EC9F /* ViewController.swift */,
				8FCA7A4621BA06D100D7EC9F /* Main.storyboard */,
				8FCA7A4921BA06D400D7EC9F /* Assets.xcassets */,
				8FCA7A4B21BA06D400D7EC9F /* LaunchScreen.storyboard */,
				8FCA7A4E21BA06D400D7EC9F /* Info.plist */,
			);
			path = test120702;
			sourceTree = "<group>";
		};
		8FCA7A5621BA06D400D7EC9F /* test120702Tests */ = {
			isa = PBXGroup;
			children = (
				8FCA7A5721BA06D400D7EC9F /* test120702Tests.swift */,
				8FCA7A5921BA06D400D7EC9F /* Info.plist */,
			);
			path = test120702Tests;
			sourceTree = "<group>";
		};
		8FCA7A6121BA06D400D7EC9F /* test120702UITests */ = {
			isa = PBXGroup;
			children = (
				8FCA7A6221BA06D400D7EC9F /* test120702UITests.swift */,
				8FCA7A6421BA06D400D7EC9F /* Info.plist */,
			);
			path = test120702UITests;
			sourceTree = "<group>";
		};
/* End PBXGroup section */

/* Begin PBXNativeTarget section */
		8FCA7A3E21BA06D100D7EC9F /* test120702 */ = {
			isa = PBXNativeTarget;
			buildConfigurationList = 8FCA7A6721BA06D400D7EC9F /* Build configuration list for PBXNativeTarget "test120702" */;
			buildPhases = (
				8FCA7A3B21BA06D100D7EC9F /* Sources */,
				8FCA7A3C21BA06D100D7EC9F /* Frameworks */,
				8FCA7A3D21BA06D100D7EC9F /* Resources */,
			);
			buildRules = (
			);
			dependencies = (
			);
			name = test120702;
			productName = test120702;
			productReference = 8FCA7A3F21BA06D100D7EC9F /* test120702.app */;
			productType = "com.apple.product-type.application";
		};
		8FCA7A5221BA06D400D7EC9F /* test120702Tests */ = {
			isa = PBXNativeTarget;
			buildConfigurationList = 8FCA7A6A21BA06D400D7EC9F /* Build configuration list for PBXNativeTarget "test120702Tests" */;
			buildPhases = (
				8FCA7A4F21BA06D400D7EC9F /* Sources */,
				8FCA7A5021BA06D400D7EC9F /* Frameworks */,
				8FCA7A5121BA06D400D7EC9F /* Resources */,
			);
			buildRules = (
			);
			dependencies = (
				8FCA7A5521BA06D400D7EC9F /* PBXTargetDependency */,
			);
			name = test120702Tests;
			productName = test120702Tests;
			productReference = 8FCA7A5321BA06D400D7EC9F /* test120702Tests.xctest */;
			productType = "com.apple.product-type.bundle.unit-test";
		};
		8FCA7A5D21BA06D400D7EC9F /* test120702UITests */ = {
			isa = PBXNativeTarget;
			buildConfigurationList = 8FCA7A6D21BA06D400D7EC9F /* Build configuration list for PBXNativeTarget "test120702UITests" */;
			buildPhases = (
				8FCA7A5A21BA06D400D7EC9F /* Sources */,
				8FCA7A5B21BA06D400D7EC9F /* Frameworks */,
				8FCA7A5C21BA06D400D7EC9F /* Resources */,
			);
			buildRules = (
			);
			dependencies = (
				8FCA7A6021BA06D400D7EC9F /* PBXTargetDependency */,
			);
			name = test120702UITests;
			productName = test120702UITests;
			productReference = 8FCA7A5E21BA06D400D7EC9F /* test120702UITests.xctest */;
			productType = "com.apple.product-type.bundle.ui-testing";
		};
/* End PBXNativeTarget section */

/* Begin PBXProject section */
		8FCA7A3721BA06D100D7EC9F /* Project object */ = {
			isa = PBXProject;
			attributes = {
				LastSwiftUpdateCheck = 1010;
				LastUpgradeCheck = 1010;
				ORGANIZATIONNAME = lishuxin;
				TargetAttributes = {
					8FCA7A3E21BA06D100D7EC9F = {
						CreatedOnToolsVersion = 10.1;
					};
					8FCA7A5221BA06D400D7EC9F = {
						CreatedOnToolsVersion = 10.1;
						TestTargetID = 8FCA7A3E21BA06D100D7EC9F;
					};
					8FCA7A5D21BA06D400D7EC9F = {
						CreatedOnToolsVersion = 10.1;
						TestTargetID = 8FCA7A3E21BA06D100D7EC9F;
					};
				};
			};
			buildConfigurationList = 8FCA7A3A21BA06D100D7EC9F /* Build configuration list for PBXProject "test120702" */;
			compatibilityVersion = "Xcode 9.3";
			developmentRegion = en;
			hasScannedForEncodings = 0;
			knownRegions = (
				en,
				Base,
			);
			mainGroup = 8FCA7A3621BA06D100D7EC9F;
			productRefGroup = 8FCA7A4021BA06D100D7EC9F /* Products */;
			projectDirPath = "";
			projectRoot = "";
			targets = (
				8FCA7A3E21BA06D100D7EC9F /* test120702 */,
				8FCA7A5221BA06D400D7EC9F /* test120702Tests */,
				8FCA7A5D21BA06D400D7EC9F /* test120702UITests */,
			);
		};
/* End PBXProject section */

/* Begin PBXResourcesBuildPhase section */
		8FCA7A3D21BA06D100D7EC9F /* Resources */ = {
			isa = PBXResourcesBuildPhase;
			buildActionMask = 2147483647;
			files = (
				8FCA7A4D21BA06D400D7EC9F /* LaunchScreen.storyboard in Resources */,
				8FCA7A4A21BA06D400D7EC9F /* Assets.xcassets in Resources */,
				8FCA7A4821BA06D100D7EC9F /* Main.storyboard in Resources */,
			);
			runOnlyForDeploymentPostprocessing = 0;
		};
		8FCA7A5121BA06D400D7EC9F /* Resources */ = {
			isa = PBXResourcesBuildPhase;
			buildActionMask = 2147483647;
			files = (
			);
			runOnlyForDeploymentPostprocessing = 0;
		};
		8FCA7A5C21BA06D400D7EC9F /* Resources */ = {
			isa = PBXResourcesBuildPhase;
			buildActionMask = 2147483647;
			files = (
			);
			runOnlyForDeploymentPostprocessing = 0;
		};
/* End PBXResourcesBuildPhase section */

/* Begin PBXSourcesBuildPhase section */
		8FCA7A3B21BA06D100D7EC9F /* Sources */ = {
			isa = PBXSourcesBuildPhase;
			buildActionMask = 2147483647;
			files = (
				8FCA7A4521BA06D100D7EC9F /* ViewController.swift in Sources */,
				8FCA7A4321BA06D100D7EC9F /* AppDelegate.swift in Sources */,
			);
			runOnlyForDeploymentPostprocessing = 0;
		};
		8FCA7A4F21BA06D400D7EC9F /* Sources */ = {
			isa = PBXSourcesBuildPhase;
			buildActionMask = 2147483647;
			files = (
				8FCA7A5821BA06D400D7EC9F /* test120702Tests.swift in Sources */,
			);
			runOnlyForDeploymentPostprocessing = 0;
		};
		8FCA7A5A21BA06D400D7EC9F /* Sources */ = {
			isa = PBXSourcesBuildPhase;
			buildActionMask = 2147483647;
			files = (
				8FCA7A6321BA06D400D7EC9F /* test120702UITests.swift in Sources */,
			);
			runOnlyForDeploymentPostprocessing = 0;
		};
/* End PBXSourcesBuildPhase section */

/* Begin PBXTargetDependency section */
		8FCA7A5521BA06D400D7EC9F /* PBXTargetDependency */ = {
			isa = PBXTargetDependency;
			target = 8FCA7A3E21BA06D100D7EC9F /* test120702 */;
			targetProxy = 8FCA7A5421BA06D400D7EC9F /* PBXContainerItemProxy */;
		};
		8FCA7A6021BA06D400D7EC9F /* PBXTargetDependency */ = {
			isa = PBXTargetDependency;
			target = 8FCA7A3E21BA06D100D7EC9F /* test120702 */;
			targetProxy = 8FCA7A5F21BA06D400D7EC9F /* PBXContainerItemProxy */;
		};
/* End PBXTargetDependency section */

/* Begin PBXVariantGroup section */
		8FCA7A4621BA06D100D7EC9F /* Main.storyboard */ = {
			isa = PBXVariantGroup;
			children = (
				8FCA7A4721BA06D100D7EC9F /* Base */,
			);
			name = Main.storyboard;
			sourceTree = "<group>";
		};
		8FCA7A4B21BA06D400D7EC9F /* LaunchScreen.storyboard */ = {
			isa = PBXVariantGroup;
			children = (
				8FCA7A4C21BA06D400D7EC9F /* Base */,
			);
			name = LaunchScreen.storyboard;
			sourceTree = "<group>";
		};
/* End PBXVariantGroup section */

/* Begin XCBuildConfiguration section */
		8FCA7A6521BA06D400D7EC9F /* Debug */ = {
			isa = XCBuildConfiguration;
			buildSettings = {
				ALWAYS_SEARCH_USER_PATHS = NO;
				CLANG_ANALYZER_NONNULL = YES;
				CLANG_ANALYZER_NUMBER_OBJECT_CONVERSION = YES_AGGRESSIVE;
				CLANG_CXX_LANGUAGE_STANDARD = "gnu++14";
				CLANG_CXX_LIBRARY = "libc++";
				CLANG_ENABLE_MODULES = YES;
				CLANG_ENABLE_OBJC_ARC = YES;
				CLANG_ENABLE_OBJC_WEAK = YES;
				CLANG_WARN_BLOCK_CAPTURE_AUTORELEASING = YES;
				CLANG_WARN_BOOL_CONVERSION = YES;
				CLANG_WARN_COMMA = YES;
				CLANG_WARN_CONSTANT_CONVERSION = YES;
				CLANG_WARN_DEPRECATED_OBJC_IMPLEMENTATIONS = YES;
				CLANG_WARN_DIRECT_OBJC_ISA_USAGE = YES_ERROR;
				CLANG_WARN_DOCUMENTATION_COMMENTS = YES;
				CLANG_WARN_EMPTY_BODY = YES;
				CLANG_WARN_ENUM_CONVERSION = YES;
				CLANG_WARN_INFINITE_RECURSION = YES;
				CLANG_WARN_INT_CONVERSION = YES;
				CLANG_WARN_NON_LITERAL_NULL_CONVERSION = YES;
				CLANG_WARN_OBJC_IMPLICIT_RETAIN_SELF = YES;
				CLANG_WARN_OBJC_LITERAL_CONVERSION = YES;
				CLANG_WARN_OBJC_ROOT_CLASS = YES_ERROR;
				CLANG_WARN_RANGE_LOOP_ANALYSIS = YES;
				CLANG_WARN_STRICT_PROTOTYPES = YES;
				CLANG_WARN_SUSPICIOUS_MOVE = YES;
				CLANG_WARN_UNGUARDED_AVAILABILITY = YES_AGGRESSIVE;
				CLANG_WARN_UNREACHABLE_CODE = YES;
				CLANG_WARN__DUPLICATE_METHOD_MATCH = YES;
				CODE_SIGN_IDENTITY = "iPhone Developer";
				COPY_PHASE_STRIP = NO;
				DEBUG_INFORMATION_FORMAT = dwarf;
				ENABLE_STRICT_OBJC_MSGSEND = YES;
				ENABLE_TESTABILITY = YES;
				GCC_C_LANGUAGE_STANDARD = gnu11;
				GCC_DYNAMIC_NO_PIC = NO;
				GCC_NO_COMMON_BLOCKS = YES;
				GCC_OPTIMIZATION_LEVEL = 0;
				GCC_PREPROCESSOR_DEFINITIONS = (
					"DEBUG=1",
					"$(inherited)",
				);
				GCC_WARN_64_TO_32_BIT_CONVERSION = YES;
				GCC_WARN_ABOUT_RETURN_TYPE = YES_ERROR;
				GCC_WARN_UNDECLARED_SELECTOR = YES;
				GCC_WARN_UNINITIALIZED_AUTOS = YES_AGGRESSIVE;
				GCC_WARN_UNUSED_FUNCTION = YES;
				GCC_WARN_UNUSED_VARIABLE = YES;
				IPHONEOS_DEPLOYMENT_TARGET = 12.1;
				MTL_ENABLE_DEBUG_INFO = INCLUDE_SOURCE;
				MTL_FAST_MATH = YES;
				ONLY_ACTIVE_ARCH = YES;
				SDKROOT = iphoneos;
				SWIFT_ACTIVE_COMPILATION_CONDITIONS = DEBUG;
				SWIFT_OPTIMIZATION_LEVEL = "-Onone";
			};
			name = Debug;
		};
		8FCA7A6621BA06D400D7EC9F /* Release */ = {
			isa = XCBuildConfiguration;
			buildSettings = {
				ALWAYS_SEARCH_USER_PATHS = NO;
				CLANG_ANALYZER_NONNULL = YES;
				CLANG_ANALYZER_NUMBER_OBJECT_CONVERSION = YES_AGGRESSIVE;
				CLANG_CXX_LANGUAGE_STANDARD = "gnu++14";
				CLANG_CXX_LIBRARY = "libc++";
				CLANG_ENABLE_MODULES = YES;
				CLANG_ENABLE_OBJC_ARC = YES;
				CLANG_ENABLE_OBJC_WEAK = YES;
				CLANG_WARN_BLOCK_CAPTURE_AUTORELEASING = YES;
				CLANG_WARN_BOOL_CONVERSION = YES;
				CLANG_WARN_COMMA = YES;
				CLANG_WARN_CONSTANT_CONVERSION = YES;
				CLANG_WARN_DEPRECATED_OBJC_IMPLEMENTATIONS = YES;
				CLANG_WARN_DIRECT_OBJC_ISA_USAGE = YES_ERROR;
				CLANG_WARN_DOCUMENTATION_COMMENTS = YES;
				CLANG_WARN_EMPTY_BODY = YES;
				CLANG_WARN_ENUM_CONVERSION = YES;
				CLANG_WARN_INFINITE_RECURSION = YES;
				CLANG_WARN_INT_CONVERSION = YES;
				CLANG_WARN_NON_LITERAL_NULL_CONVERSION = YES;
				CLANG_WARN_OBJC_IMPLICIT_RETAIN_SELF = YES;
				CLANG_WARN_OBJC_LITERAL_CONVERSION = YES;
				CLANG_WARN_OBJC_ROOT_CLASS = YES_ERROR;
				CLANG_WARN_RANGE_LOOP_ANALYSIS = YES;
				CLANG_WARN_STRICT_PROTOTYPES = YES;
				CLANG_WARN_SUSPICIOUS_MOVE = YES;
				CLANG_WARN_UNGUARDED_AVAILABILITY = YES_AGGRESSIVE;
				CLANG_WARN_UNREACHABLE_CODE = YES;
				CLANG_WARN__DUPLICATE_METHOD_MATCH = YES;
				CODE_SIGN_IDENTITY = "iPhone Developer";
				COPY_PHASE_STRIP = NO;
				DEBUG_INFORMATION_FORMAT = "dwarf-with-dsym";
				ENABLE_NS_ASSERTIONS = NO;
				ENABLE_STRICT_OBJC_MSGSEND = YES;
				GCC_C_LANGUAGE_STANDARD = gnu11;
				GCC_NO_COMMON_BLOCKS = YES;
				GCC_WARN_64_TO_32_BIT_CONVERSION = YES;
				GCC_WARN_ABOUT_RETURN_TYPE = YES_ERROR;
				GCC_WARN_UNDECLARED_SELECTOR = YES;
				GCC_WARN_UNINITIALIZED_AUTOS = YES_AGGRESSIVE;
				GCC_WARN_UNUSED_FUNCTION = YES;
				GCC_WARN_UNUSED_VARIABLE = YES;
				IPHONEOS_DEPLOYMENT_TARGET = 12.1;
				MTL_ENABLE_DEBUG_INFO = NO;
				MTL_FAST_MATH = YES;
				SDKROOT = iphoneos;
				SWIFT_COMPILATION_MODE = wholemodule;
				SWIFT_OPTIMIZATION_LEVEL = "-O";
				VALIDATE_PRODUCT = YES;
			};
			name = Release;
		};
		8FCA7A6821BA06D400D7EC9F /* Debug */ = {
			isa = XCBuildConfiguration;
			buildSettings = {
				ASSETCATALOG_COMPILER_APPICON_NAME = AppIcon;
				CODE_SIGN_STYLE = Automatic;
				INFOPLIST_FILE = test120702/Info.plist;
				LD_RUNPATH_SEARCH_PATHS = (
					"$(inherited)",
					"@executable_path/Frameworks",
				);
				PRODUCT_BUNDLE_IDENTIFIER = imnu.edu.cn.test120702;
				PRODUCT_NAME = "$(TARGET_NAME)";
				SWIFT_VERSION = 4.2;
				TARGETED_DEVICE_FAMILY = "1,2";
			};
			name = Debug;
		};
		8FCA7A6921BA06D400D7EC9F /* Release */ = {
			isa = XCBuildConfiguration;
			buildSettings = {
				ASSETCATALOG_COMPILER_APPICON_NAME = AppIcon;
				CODE_SIGN_STYLE = Automatic;
				INFOPLIST_FILE = test120702/Info.plist;
				LD_RUNPATH_SEARCH_PATHS = (
					"$(inherited)",
					"@executable_path/Frameworks",
				);
				PRODUCT_BUNDLE_IDENTIFIER = imnu.edu.cn.test120702;
				PRODUCT_NAME = "$(TARGET_NAME)";
				SWIFT_VERSION = 4.2;
				TARGETED_DEVICE_FAMILY = "1,2";
			};
			name = Release;
		};
		8FCA7A6B21BA06D400D7EC9F /* Debug */ = {
			isa = XCBuildConfiguration;
			buildSettings = {
				ALWAYS_EMBED_SWIFT_STANDARD_LIBRARIES = YES;
				BUNDLE_LOADER = "$(TEST_HOST)";
				CODE_SIGN_STYLE = Automatic;
				INFOPLIST_FILE = test120702Tests/Info.plist;
				LD_RUNPATH_SEARCH_PATHS = (
					"$(inherited)",
					"@executable_path/Frameworks",
					"@loader_path/Frameworks",
				);
				PRODUCT_BUNDLE_IDENTIFIER = imnu.edu.cn.test120702Tests;
				PRODUCT_NAME = "$(TARGET_NAME)";
				SWIFT_VERSION = 4.2;
				TARGETED_DEVICE_FAMILY = "1,2";
				TEST_HOST = "$(BUILT_PRODUCTS_DIR)/test120702.app/test120702";
			};
			name = Debug;
		};
		8FCA7A6C21BA06D400D7EC9F /* Release */ = {
			isa = XCBuildConfiguration;
			buildSettings = {
				ALWAYS_EMBED_SWIFT_STANDARD_LIBRARIES = YES;
				BUNDLE_LOADER = "$(TEST_HOST)";
				CODE_SIGN_STYLE = Automatic;
				INFOPLIST_FILE = test120702Tests/Info.plist;
				LD_RUNPATH_SEARCH_PATHS = (
					"$(inherited)",
					"@executable_path/Frameworks",
					"@loader_path/Frameworks",
				);
				PRODUCT_BUNDLE_IDENTIFIER = imnu.edu.cn.test120702Tests;
				PRODUCT_NAME = "$(TARGET_NAME)";
				SWIFT_VERSION = 4.2;
				TARGETED_DEVICE_FAMILY = "1,2";
				TEST_HOST = "$(BUILT_PRODUCTS_DIR)/test120702.app/test120702";
			};
			name = Release;
		};
		8FCA7A6E21BA06D400D7EC9F /* Debug */ = {
			isa = XCBuildConfiguration;
			buildSettings = {
				ALWAYS_EMBED_SWIFT_STANDARD_LIBRARIES = YES;
				CODE_SIGN_STYLE = Automatic;
				INFOPLIST_FILE = test120702UITests/Info.plist;
				LD_RUNPATH_SEARCH_PATHS = (
					"$(inherited)",
					"@executable_path/Frameworks",
					"@loader_path/Frameworks",
				);
				PRODUCT_BUNDLE_IDENTIFIER = imnu.edu.cn.test120702UITests;
				PRODUCT_NAME = "$(TARGET_NAME)";
				SWIFT_VERSION = 4.2;
				TARGETED_DEVICE_FAMILY = "1,2";
				TEST_TARGET_NAME = test120702;
			};
			name = Debug;
		};
		8FCA7A6F21BA06D400D7EC9F /* Release */ = {
			isa = XCBuildConfiguration;
			buildSettings = {
				ALWAYS_EMBED_SWIFT_STANDARD_LIBRARIES = YES;
				CODE_SIGN_STYLE = Automatic;
				INFOPLIST_FILE = test120702UITests/Info.plist;
				LD_RUNPATH_SEARCH_PATHS = (
					"$(inherited)",
					"@executable_path/Frameworks",
					"@loader_path/Frameworks",
				);
				PRODUCT_BUNDLE_IDENTIFIER = imnu.edu.cn.test120702UITests;
				PRODUCT_NAME = "$(TARGET_NAME)";
				SWIFT_VERSION = 4.2;
				TARGETED_DEVICE_FAMILY = "1,2";
				TEST_TARGET_NAME = test120702;
			};
			name = Release;
		};
/* End XCBuildConfiguration section */

/* Begin XCConfigurationList section */
		8FCA7A3A21BA06D100D7EC9F /* Build configuration list for PBXProject "test120702" */ = {
			isa = XCConfigurationList;
			buildConfigurations = (
				8FCA7A6521BA06D400D7EC9F /* Debug */,
				8FCA7A6621BA06D400D7EC9F /* Release */,
			);
			defaultConfigurationIsVisible = 0;
			defaultConfigurationName = Release;
		};
		8FCA7A6721BA06D400D7EC9F /* Build configuration list for PBXNativeTarget "test120702" */ = {
			isa = XCConfigurationList;
			buildConfigurations = (
				8FCA7A6821BA06D400D7EC9F /* Debug */,
				8FCA7A6921BA06D400D7EC9F /* Release */,
			);
			defaultConfigurationIsVisible = 0;
			defaultConfigurationName = Release;
		};
		8FCA7A6A21BA06D400D7EC9F /* Build configuration list for PBXNativeTarget "test120702Tests" */ = {
			isa = XCConfigurationList;
			buildConfigurations = (
				8FCA7A6B21BA06D400D7EC9F /* Debug */,
				8FCA7A6C21BA06D400D7EC9F /* Release */,
			);
			defaultConfigurationIsVisible = 0;
			defaultConfigurationName = Release;
		};
		8FCA7A6D21BA06D400D7EC9F /* Build configuration list for PBXNativeTarget "test120702UITests" */ = {
			isa = XCConfigurationList;
			buildConfigurations = (
				8FCA7A6E21BA06D400D7EC9F /* Debug */,
				8FCA7A6F21BA06D400D7EC9F /* Release */,
			);
			defaultConfigurationIsVisible = 0;
			defaultConfigurationName = Release;
		};
/* End XCConfigurationList section */
	};
	rootObject = 8FCA7A3721BA06D100D7EC9F /* Project object */;
}
