// !$*UTF8*$!
{
	archiveVersion = 1;
	classes = {
	};
	objectVersion = 50;
	objects = {

/* Begin PBXBuildFile section */
		8FC0AC1C2154788C00AA26B0 /* AppDelegate.swift in Sources */ = {isa = PBXBuildFile; fileRef = 8FC0AC1B2154788C00AA26B0 /* AppDelegate.swift */; };
		8FC0AC1E2154788C00AA26B0 /* ViewController.swift in Sources */ = {isa = PBXBuildFile; fileRef = 8FC0AC1D2154788C00AA26B0 /* ViewController.swift */; };
		8FC0AC212154788C00AA26B0 /* Main.storyboard in Resources */ = {isa = PBXBuildFile; fileRef = 8FC0AC1F2154788C00AA26B0 /* Main.storyboard */; };
		8FC0AC232154788E00AA26B0 /* Assets.xcassets in Resources */ = {isa = PBXBuildFile; fileRef = 8FC0AC222154788E00AA26B0 /* Assets.xcassets */; };
		8FC0AC262154788E00AA26B0 /* LaunchScreen.storyboard in Resources */ = {isa = PBXBuildFile; fileRef = 8FC0AC242154788E00AA26B0 /* LaunchScreen.storyboard */; };
		8FC0AC312154788E00AA26B0 /* abcTests.swift in Sources */ = {isa = PBXBuildFile; fileRef = 8FC0AC302154788E00AA26B0 /* abcTests.swift */; };
		8FC0AC3C2154788E00AA26B0 /* abcUITests.swift in Sources */ = {isa = PBXBuildFile; fileRef = 8FC0AC3B2154788E00AA26B0 /* abcUITests.swift */; };
/* End PBXBuildFile section */

/* Begin PBXContainerItemProxy section */
		8FC0AC2D2154788E00AA26B0 /* PBXContainerItemProxy */ = {
			isa = PBXContainerItemProxy;
			containerPortal = 8FC0AC102154788C00AA26B0 /* Project object */;
			proxyType = 1;
			remoteGlobalIDString = 8FC0AC172154788C00AA26B0;
			remoteInfo = abc;
		};
		8FC0AC382154788E00AA26B0 /* PBXContainerItemProxy */ = {
			isa = PBXContainerItemProxy;
			containerPortal = 8FC0AC102154788C00AA26B0 /* Project object */;
			proxyType = 1;
			remoteGlobalIDString = 8FC0AC172154788C00AA26B0;
			remoteInfo = abc;
		};
/* End PBXContainerItemProxy section */

/* Begin PBXFileReference section */
		8FC0AC182154788C00AA26B0 /* abc.app */ = {isa = PBXFileReference; explicitFileType = wrapper.application; includeInIndex = 0; path = abc.app; sourceTree = BUILT_PRODUCTS_DIR; };
		8FC0AC1B2154788C00AA26B0 /* AppDelegate.swift */ = {isa = PBXFileReference; lastKnownFileType = sourcecode.swift; path = AppDelegate.swift; sourceTree = "<group>"; };
		8FC0AC1D2154788C00AA26B0 /* ViewController.swift */ = {isa = PBXFileReference; lastKnownFileType = sourcecode.swift; path = ViewController.swift; sourceTree = "<group>"; };
		8FC0AC202154788C00AA26B0 /* Base */ = {isa = PBXFileReference; lastKnownFileType = file.storyboard; name = Base; path = Base.lproj/Main.storyboard; sourceTree = "<group>"; };
		8FC0AC222154788E00AA26B0 /* Assets.xcassets */ = {isa = PBXFileReference; lastKnownFileType = folder.assetcatalog; path = Assets.xcassets; sourceTree = "<group>"; };
		8FC0AC252154788E00AA26B0 /* Base */ = {isa = PBXFileReference; lastKnownFileType = file.storyboard; name = Base; path = Base.lproj/LaunchScreen.storyboard; sourceTree = "<group>"; };
		8FC0AC272154788E00AA26B0 /* Info.plist */ = {isa = PBXFileReference; lastKnownFileType = text.plist.xml; path = Info.plist; sourceTree = "<group>"; };
		8FC0AC2C2154788E00AA26B0 /* abcTests.xctest */ = {isa = PBXFileReference; explicitFileType = wrapper.cfbundle; includeInIndex = 0; path = abcTests.xctest; sourceTree = BUILT_PRODUCTS_DIR; };
		8FC0AC302154788E00AA26B0 /* abcTests.swift */ = {isa = PBXFileReference; lastKnownFileType = sourcecode.swift; path = abcTests.swift; sourceTree = "<group>"; };
		8FC0AC322154788E00AA26B0 /* Info.plist */ = {isa = PBXFileReference; lastKnownFileType = text.plist.xml; path = Info.plist; sourceTree = "<group>"; };
		8FC0AC372154788E00AA26B0 /* abcUITests.xctest */ = {isa = PBXFileReference; explicitFileType = wrapper.cfbundle; includeInIndex = 0; path = abcUITests.xctest; sourceTree = BUILT_PRODUCTS_DIR; };
		8FC0AC3B2154788E00AA26B0 /* abcUITests.swift */ = {isa = PBXFileReference; lastKnownFileType = sourcecode.swift; path = abcUITests.swift; sourceTree = "<group>"; };
		8FC0AC3D2154788E00AA26B0 /* Info.plist */ = {isa = PBXFileReference; lastKnownFileType = text.plist.xml; path = Info.plist; sourceTree = "<group>"; };
/* End PBXFileReference section */

/* Begin PBXFrameworksBuildPhase section */
		8FC0AC152154788C00AA26B0 /* Frameworks */ = {
			isa = PBXFrameworksBuildPhase;
			buildActionMask = 2147483647;
			files = (
			);
			runOnlyForDeploymentPostprocessing = 0;
		};
		8FC0AC292154788E00AA26B0 /* Frameworks */ = {
			isa = PBXFrameworksBuildPhase;
			buildActionMask = 2147483647;
			files = (
			);
			runOnlyForDeploymentPostprocessing = 0;
		};
		8FC0AC342154788E00AA26B0 /* Frameworks */ = {
			isa = PBXFrameworksBuildPhase;
			buildActionMask = 2147483647;
			files = (
			);
			runOnlyForDeploymentPostprocessing = 0;
		};
/* End PBXFrameworksBuildPhase section */

/* Begin PBXGroup section */
		8FC0AC0F2154788C00AA26B0 = {
			isa = PBXGroup;
			children = (
				8FC0AC1A2154788C00AA26B0 /* abc */,
				8FC0AC2F2154788E00AA26B0 /* abcTests */,
				8FC0AC3A2154788E00AA26B0 /* abcUITests */,
				8FC0AC192154788C00AA26B0 /* Products */,
			);
			sourceTree = "<group>";
		};
		8FC0AC192154788C00AA26B0 /* Products */ = {
			isa = PBXGroup;
			children = (
				8FC0AC182154788C00AA26B0 /* abc.app */,
				8FC0AC2C2154788E00AA26B0 /* abcTests.xctest */,
				8FC0AC372154788E00AA26B0 /* abcUITests.xctest */,
			);
			name = Products;
			sourceTree = "<group>";
		};
		8FC0AC1A2154788C00AA26B0 /* abc */ = {
			isa = PBXGroup;
			children = (
				8FC0AC1B2154788C00AA26B0 /* AppDelegate.swift */,
				8FC0AC1D2154788C00AA26B0 /* ViewController.swift */,
				8FC0AC1F2154788C00AA26B0 /* Main.storyboard */,
				8FC0AC222154788E00AA26B0 /* Assets.xcassets */,
				8FC0AC242154788E00AA26B0 /* LaunchScreen.storyboard */,
				8FC0AC272154788E00AA26B0 /* Info.plist */,
			);
			path = abc;
			sourceTree = "<group>";
		};
		8FC0AC2F2154788E00AA26B0 /* abcTests */ = {
			isa = PBXGroup;
			children = (
				8FC0AC302154788E00AA26B0 /* abcTests.swift */,
				8FC0AC322154788E00AA26B0 /* Info.plist */,
			);
			path = abcTests;
			sourceTree = "<group>";
		};
		8FC0AC3A2154788E00AA26B0 /* abcUITests */ = {
			isa = PBXGroup;
			children = (
				8FC0AC3B2154788E00AA26B0 /* abcUITests.swift */,
				8FC0AC3D2154788E00AA26B0 /* Info.plist */,
			);
			path = abcUITests;
			sourceTree = "<group>";
		};
/* End PBXGroup section */

/* Begin PBXNativeTarget section */
		8FC0AC172154788C00AA26B0 /* abc */ = {
			isa = PBXNativeTarget;
			buildConfigurationList = 8FC0AC402154788E00AA26B0 /* Build configuration list for PBXNativeTarget "abc" */;
			buildPhases = (
				8FC0AC142154788C00AA26B0 /* Sources */,
				8FC0AC152154788C00AA26B0 /* Frameworks */,
				8FC0AC162154788C00AA26B0 /* Resources */,
			);
			buildRules = (
			);
			dependencies = (
			);
			name = abc;
			productName = abc;
			productReference = 8FC0AC182154788C00AA26B0 /* abc.app */;
			productType = "com.apple.product-type.application";
		};
		8FC0AC2B2154788E00AA26B0 /* abcTests */ = {
			isa = PBXNativeTarget;
			buildConfigurationList = 8FC0AC432154788E00AA26B0 /* Build configuration list for PBXNativeTarget "abcTests" */;
			buildPhases = (
				8FC0AC282154788E00AA26B0 /* Sources */,
				8FC0AC292154788E00AA26B0 /* Frameworks */,
				8FC0AC2A2154788E00AA26B0 /* Resources */,
			);
			buildRules = (
			);
			dependencies = (
				8FC0AC2E2154788E00AA26B0 /* PBXTargetDependency */,
			);
			name = abcTests;
			productName = abcTests;
			productReference = 8FC0AC2C2154788E00AA26B0 /* abcTests.xctest */;
			productType = "com.apple.product-type.bundle.unit-test";
		};
		8FC0AC362154788E00AA26B0 /* abcUITests */ = {
			isa = PBXNativeTarget;
			buildConfigurationList = 8FC0AC462154788E00AA26B0 /* Build configuration list for PBXNativeTarget "abcUITests" */;
			buildPhases = (
				8FC0AC332154788E00AA26B0 /* Sources */,
				8FC0AC342154788E00AA26B0 /* Frameworks */,
				8FC0AC352154788E00AA26B0 /* Resources */,
			);
			buildRules = (
			);
			dependencies = (
				8FC0AC392154788E00AA26B0 /* PBXTargetDependency */,
			);
			name = abcUITests;
			productName = abcUITests;
			productReference = 8FC0AC372154788E00AA26B0 /* abcUITests.xctest */;
			productType = "com.apple.product-type.bundle.ui-testing";
		};
/* End PBXNativeTarget section */

/* Begin PBXProject section */
		8FC0AC102154788C00AA26B0 /* Project object */ = {
			isa = PBXProject;
			attributes = {
				KnownAssetTags = (
					ADD,
				);
				LastSwiftUpdateCheck = 0940;
				LastUpgradeCheck = 0940;
				ORGANIZATIONNAME = lishuxin;
				TargetAttributes = {
					8FC0AC172154788C00AA26B0 = {
						CreatedOnToolsVersion = 9.4.1;
					};
					8FC0AC2B2154788E00AA26B0 = {
						CreatedOnToolsVersion = 9.4.1;
						TestTargetID = 8FC0AC172154788C00AA26B0;
					};
					8FC0AC362154788E00AA26B0 = {
						CreatedOnToolsVersion = 9.4.1;
						TestTargetID = 8FC0AC172154788C00AA26B0;
					};
				};
			};
			buildConfigurationList = 8FC0AC132154788C00AA26B0 /* Build configuration list for PBXProject "abc" */;
			compatibilityVersion = "Xcode 9.3";
			developmentRegion = en;
			hasScannedForEncodings = 0;
			knownRegions = (
				en,
				Base,
			);
			mainGroup = 8FC0AC0F2154788C00AA26B0;
			productRefGroup = 8FC0AC192154788C00AA26B0 /* Products */;
			projectDirPath = "";
			projectRoot = "";
			targets = (
				8FC0AC172154788C00AA26B0 /* abc */,
				8FC0AC2B2154788E00AA26B0 /* abcTests */,
				8FC0AC362154788E00AA26B0 /* abcUITests */,
			);
		};
/* End PBXProject section */

/* Begin PBXResourcesBuildPhase section */
		8FC0AC162154788C00AA26B0 /* Resources */ = {
			isa = PBXResourcesBuildPhase;
			buildActionMask = 2147483647;
			files = (
				8FC0AC262154788E00AA26B0 /* LaunchScreen.storyboard in Resources */,
				8FC0AC232154788E00AA26B0 /* Assets.xcassets in Resources */,
				8FC0AC212154788C00AA26B0 /* Main.storyboard in Resources */,
			);
			runOnlyForDeploymentPostprocessing = 0;
		};
		8FC0AC2A2154788E00AA26B0 /* Resources */ = {
			isa = PBXResourcesBuildPhase;
			buildActionMask = 2147483647;
			files = (
			);
			runOnlyForDeploymentPostprocessing = 0;
		};
		8FC0AC352154788E00AA26B0 /* Resources */ = {
			isa = PBXResourcesBuildPhase;
			buildActionMask = 2147483647;
			files = (
			);
			runOnlyForDeploymentPostprocessing = 0;
		};
/* End PBXResourcesBuildPhase section */

/* Begin PBXSourcesBuildPhase section */
		8FC0AC142154788C00AA26B0 /* Sources */ = {
			isa = PBXSourcesBuildPhase;
			buildActionMask = 2147483647;
			files = (
				8FC0AC1E2154788C00AA26B0 /* ViewController.swift in Sources */,
				8FC0AC1C2154788C00AA26B0 /* AppDelegate.swift in Sources */,
			);
			runOnlyForDeploymentPostprocessing = 0;
		};
		8FC0AC282154788E00AA26B0 /* Sources */ = {
			isa = PBXSourcesBuildPhase;
			buildActionMask = 2147483647;
			files = (
				8FC0AC312154788E00AA26B0 /* abcTests.swift in Sources */,
			);
			runOnlyForDeploymentPostprocessing = 0;
		};
		8FC0AC332154788E00AA26B0 /* Sources */ = {
			isa = PBXSourcesBuildPhase;
			buildActionMask = 2147483647;
			files = (
				8FC0AC3C2154788E00AA26B0 /* abcUITests.swift in Sources */,
			);
			runOnlyForDeploymentPostprocessing = 0;
		};
/* End PBXSourcesBuildPhase section */

/* Begin PBXTargetDependency section */
		8FC0AC2E2154788E00AA26B0 /* PBXTargetDependency */ = {
			isa = PBXTargetDependency;
			target = 8FC0AC172154788C00AA26B0 /* abc */;
			targetProxy = 8FC0AC2D2154788E00AA26B0 /* PBXContainerItemProxy */;
		};
		8FC0AC392154788E00AA26B0 /* PBXTargetDependency */ = {
			isa = PBXTargetDependency;
			target = 8FC0AC172154788C00AA26B0 /* abc */;
			targetProxy = 8FC0AC382154788E00AA26B0 /* PBXContainerItemProxy */;
		};
/* End PBXTargetDependency section */

/* Begin PBXVariantGroup section */
		8FC0AC1F2154788C00AA26B0 /* Main.storyboard */ = {
			isa = PBXVariantGroup;
			children = (
				8FC0AC202154788C00AA26B0 /* Base */,
			);
			name = Main.storyboard;
			sourceTree = "<group>";
		};
		8FC0AC242154788E00AA26B0 /* LaunchScreen.storyboard */ = {
			isa = PBXVariantGroup;
			children = (
				8FC0AC252154788E00AA26B0 /* Base */,
			);
			name = LaunchScreen.storyboard;
			sourceTree = "<group>";
		};
/* End PBXVariantGroup section */

/* Begin XCBuildConfiguration section */
		8FC0AC3E2154788E00AA26B0 /* Debug */ = {
			isa = XCBuildConfiguration;
			buildSettings = {
				ALWAYS_SEARCH_USER_PATHS = NO;
				CLANG_ANALYZER_NONNULL = YES;
				CLANG_ANALYZER_NUMBER_OBJECT_CONVERSION = YES_AGGRESSIVE;
				CLANG_CXX_LANGUAGE_STANDARD = "gnu++14";
				CLANG_CXX_LIBRARY = "libc++";
				CLANG_ENABLE_MODULES = YES;
				CLANG_ENABLE_OBJC_ARC = YES;
				CLANG_ENABLE_OBJC_WEAK = YES;
				CLANG_WARN_BLOCK_CAPTURE_AUTORELEASING = YES;
				CLANG_WARN_BOOL_CONVERSION = YES;
				CLANG_WARN_COMMA = YES;
				CLANG_WARN_CONSTANT_CONVERSION = YES;
				CLANG_WARN_DEPRECATED_OBJC_IMPLEMENTATIONS = YES;
				CLANG_WARN_DIRECT_OBJC_ISA_USAGE = YES_ERROR;
				CLANG_WARN_DOCUMENTATION_COMMENTS = YES;
				CLANG_WARN_EMPTY_BODY = YES;
				CLANG_WARN_ENUM_CONVERSION = YES;
				CLANG_WARN_INFINITE_RECURSION = YES;
				CLANG_WARN_INT_CONVERSION = YES;
				CLANG_WARN_NON_LITERAL_NULL_CONVERSION = YES;
				CLANG_WARN_OBJC_IMPLICIT_RETAIN_SELF = YES;
				CLANG_WARN_OBJC_LITERAL_CONVERSION = YES;
				CLANG_WARN_OBJC_ROOT_CLASS = YES_ERROR;
				CLANG_WARN_RANGE_LOOP_ANALYSIS = YES;
				CLANG_WARN_STRICT_PROTOTYPES = YES;
				CLANG_WARN_SUSPICIOUS_MOVE = YES;
				CLANG_WARN_UNGUARDED_AVAILABILITY = YES_AGGRESSIVE;
				CLANG_WARN_UNREACHABLE_CODE = YES;
				CLANG_WARN__DUPLICATE_METHOD_MATCH = YES;
				CODE_SIGN_IDENTITY = "iPhone Developer";
				COPY_PHASE_STRIP = NO;
				DEBUG_INFORMATION_FORMAT = dwarf;
				ENABLE_STRICT_OBJC_MSGSEND = YES;
				ENABLE_TESTABILITY = YES;
				GCC_C_LANGUAGE_STANDARD = gnu11;
				GCC_DYNAMIC_NO_PIC = NO;
				GCC_NO_COMMON_BLOCKS = YES;
				GCC_OPTIMIZATION_LEVEL = 0;
				GCC_PREPROCESSOR_DEFINITIONS = (
					"DEBUG=1",
					"$(inherited)",
				);
				GCC_WARN_64_TO_32_BIT_CONVERSION = YES;
				GCC_WARN_ABOUT_RETURN_TYPE = YES_ERROR;
				GCC_WARN_UNDECLARED_SELECTOR = YES;
				GCC_WARN_UNINITIALIZED_AUTOS = YES_AGGRESSIVE;
				GCC_WARN_UNUSED_FUNCTION = YES;
				GCC_WARN_UNUSED_VARIABLE = YES;
				IPHONEOS_DEPLOYMENT_TARGET = 11.4;
				MTL_ENABLE_DEBUG_INFO = YES;
				ONLY_ACTIVE_ARCH = YES;
				SDKROOT = iphoneos;
				SWIFT_ACTIVE_COMPILATION_CONDITIONS = DEBUG;
				SWIFT_OPTIMIZATION_LEVEL = "-Onone";
			};
			name = Debug;
		};
		8FC0AC3F2154788E00AA26B0 /* Release */ = {
			isa = XCBuildConfiguration;
			buildSettings = {
				ALWAYS_SEARCH_USER_PATHS = NO;
				CLANG_ANALYZER_NONNULL = YES;
				CLANG_ANALYZER_NUMBER_OBJECT_CONVERSION = YES_AGGRESSIVE;
				CLANG_CXX_LANGUAGE_STANDARD = "gnu++14";
				CLANG_CXX_LIBRARY = "libc++";
				CLANG_ENABLE_MODULES = YES;
				CLANG_ENABLE_OBJC_ARC = YES;
				CLANG_ENABLE_OBJC_WEAK = YES;
				CLANG_WARN_BLOCK_CAPTURE_AUTORELEASING = YES;
				CLANG_WARN_BOOL_CONVERSION = YES;
				CLANG_WARN_COMMA = YES;
				CLANG_WARN_CONSTANT_CONVERSION = YES;
				CLANG_WARN_DEPRECATED_OBJC_IMPLEMENTATIONS = YES;
				CLANG_WARN_DIRECT_OBJC_ISA_USAGE = YES_ERROR;
				CLANG_WARN_DOCUMENTATION_COMMENTS = YES;
				CLANG_WARN_EMPTY_BODY = YES;
				CLANG_WARN_ENUM_CONVERSION = YES;
				CLANG_WARN_INFINITE_RECURSION = YES;
				CLANG_WARN_INT_CONVERSION = YES;
				CLANG_WARN_NON_LITERAL_NULL_CONVERSION = YES;
				CLANG_WARN_OBJC_IMPLICIT_RETAIN_SELF = YES;
				CLANG_WARN_OBJC_LITERAL_CONVERSION = YES;
				CLANG_WARN_OBJC_ROOT_CLASS = YES_ERROR;
				CLANG_WARN_RANGE_LOOP_ANALYSIS = YES;
				CLANG_WARN_STRICT_PROTOTYPES = YES;
				CLANG_WARN_SUSPICIOUS_MOVE = YES;
				CLANG_WARN_UNGUARDED_AVAILABILITY = YES_AGGRESSIVE;
				CLANG_WARN_UNREACHABLE_CODE = YES;
				CLANG_WARN__DUPLICATE_METHOD_MATCH = YES;
				CODE_SIGN_IDENTITY = "iPhone Developer";
				COPY_PHASE_STRIP = NO;
				DEBUG_INFORMATION_FORMAT = "dwarf-with-dsym";
				ENABLE_NS_ASSERTIONS = NO;
				ENABLE_STRICT_OBJC_MSGSEND = YES;
				GCC_C_LANGUAGE_STANDARD = gnu11;
				GCC_NO_COMMON_BLOCKS = YES;
				GCC_WARN_64_TO_32_BIT_CONVERSION = YES;
				GCC_WARN_ABOUT_RETURN_TYPE = YES_ERROR;
				GCC_WARN_UNDECLARED_SELECTOR = YES;
				GCC_WARN_UNINITIALIZED_AUTOS = YES_AGGRESSIVE;
				GCC_WARN_UNUSED_FUNCTION = YES;
				GCC_WARN_UNUSED_VARIABLE = YES;
				IPHONEOS_DEPLOYMENT_TARGET = 11.4;
				MTL_ENABLE_DEBUG_INFO = NO;
				SDKROOT = iphoneos;
				SWIFT_COMPILATION_MODE = wholemodule;
				SWIFT_OPTIMIZATION_LEVEL = "-O";
				VALIDATE_PRODUCT = YES;
			};
			name = Release;
		};
		8FC0AC412154788E00AA26B0 /* Debug */ = {
			isa = XCBuildConfiguration;
			buildSettings = {
				ASSETCATALOG_COMPILER_APPICON_NAME = AppIcon;
				CODE_SIGN_STYLE = Automatic;
				INFOPLIST_FILE = abc/Info.plist;
				LD_RUNPATH_SEARCH_PATHS = (
					"$(inherited)",
					"@executable_path/Frameworks",
				);
				PRODUCT_BUNDLE_IDENTIFIER = imnu.edu.cn.abc;
				PRODUCT_NAME = "$(TARGET_NAME)";
				SWIFT_VERSION = 4.0;
				TARGETED_DEVICE_FAMILY = "1,2";
			};
			name = Debug;
		};
		8FC0AC422154788E00AA26B0 /* Release */ = {
			isa = XCBuildConfiguration;
			buildSettings = {
				ASSETCATALOG_COMPILER_APPICON_NAME = AppIcon;
				CODE_SIGN_STYLE = Automatic;
				INFOPLIST_FILE = abc/Info.plist;
				LD_RUNPATH_SEARCH_PATHS = (
					"$(inherited)",
					"@executable_path/Frameworks",
				);
				PRODUCT_BUNDLE_IDENTIFIER = imnu.edu.cn.abc;
				PRODUCT_NAME = "$(TARGET_NAME)";
				SWIFT_VERSION = 4.0;
				TARGETED_DEVICE_FAMILY = "1,2";
			};
			name = Release;
		};
		8FC0AC442154788E00AA26B0 /* Debug */ = {
			isa = XCBuildConfiguration;
			buildSettings = {
				ALWAYS_EMBED_SWIFT_STANDARD_LIBRARIES = YES;
				BUNDLE_LOADER = "$(TEST_HOST)";
				CODE_SIGN_STYLE = Automatic;
				INFOPLIST_FILE = abcTests/Info.plist;
				LD_RUNPATH_SEARCH_PATHS = (
					"$(inherited)",
					"@executable_path/Frameworks",
					"@loader_path/Frameworks",
				);
				PRODUCT_BUNDLE_IDENTIFIER = imnu.edu.cn.abcTests;
				PRODUCT_NAME = "$(TARGET_NAME)";
				SWIFT_VERSION = 4.0;
				TARGETED_DEVICE_FAMILY = "1,2";
				TEST_HOST = "$(BUILT_PRODUCTS_DIR)/abc.app/abc";
			};
			name = Debug;
		};
		8FC0AC452154788E00AA26B0 /* Release */ = {
			isa = XCBuildConfiguration;
			buildSettings = {
				ALWAYS_EMBED_SWIFT_STANDARD_LIBRARIES = YES;
				BUNDLE_LOADER = "$(TEST_HOST)";
				CODE_SIGN_STYLE = Automatic;
				INFOPLIST_FILE = abcTests/Info.plist;
				LD_RUNPATH_SEARCH_PATHS = (
					"$(inherited)",
					"@executable_path/Frameworks",
					"@loader_path/Frameworks",
				);
				PRODUCT_BUNDLE_IDENTIFIER = imnu.edu.cn.abcTests;
				PRODUCT_NAME = "$(TARGET_NAME)";
				SWIFT_VERSION = 4.0;
				TARGETED_DEVICE_FAMILY = "1,2";
				TEST_HOST = "$(BUILT_PRODUCTS_DIR)/abc.app/abc";
			};
			name = Release;
		};
		8FC0AC472154788E00AA26B0 /* Debug */ = {
			isa = XCBuildConfiguration;
			buildSettings = {
				ALWAYS_EMBED_SWIFT_STANDARD_LIBRARIES = YES;
				CODE_SIGN_STYLE = Automatic;
				INFOPLIST_FILE = abcUITests/Info.plist;
				LD_RUNPATH_SEARCH_PATHS = (
					"$(inherited)",
					"@executable_path/Frameworks",
					"@loader_path/Frameworks",
				);
				PRODUCT_BUNDLE_IDENTIFIER = imnu.edu.cn.abcUITests;
				PRODUCT_NAME = "$(TARGET_NAME)";
				SWIFT_VERSION = 4.0;
				TARGETED_DEVICE_FAMILY = "1,2";
				TEST_TARGET_NAME = abc;
			};
			name = Debug;
		};
		8FC0AC482154788E00AA26B0 /* Release */ = {
			isa = XCBuildConfiguration;
			buildSettings = {
				ALWAYS_EMBED_SWIFT_STANDARD_LIBRARIES = YES;
				CODE_SIGN_STYLE = Automatic;
				INFOPLIST_FILE = abcUITests/Info.plist;
				LD_RUNPATH_SEARCH_PATHS = (
					"$(inherited)",
					"@executable_path/Frameworks",
					"@loader_path/Frameworks",
				);
				PRODUCT_BUNDLE_IDENTIFIER = imnu.edu.cn.abcUITests;
				PRODUCT_NAME = "$(TARGET_NAME)";
				SWIFT_VERSION = 4.0;
				TARGETED_DEVICE_FAMILY = "1,2";
				TEST_TARGET_NAME = abc;
			};
			name = Release;
		};
/* End XCBuildConfiguration section */

/* Begin XCConfigurationList section */
		8FC0AC132154788C00AA26B0 /* Build configuration list for PBXProject "abc" */ = {
			isa = XCConfigurationList;
			buildConfigurations = (
				8FC0AC3E2154788E00AA26B0 /* Debug */,
				8FC0AC3F2154788E00AA26B0 /* Release */,
			);
			defaultConfigurationIsVisible = 0;
			defaultConfigurationName = Release;
		};
		8FC0AC402154788E00AA26B0 /* Build configuration list for PBXNativeTarget "abc" */ = {
			isa = XCConfigurationList;
			buildConfigurations = (
				8FC0AC412154788E00AA26B0 /* Debug */,
				8FC0AC422154788E00AA26B0 /* Release */,
			);
			defaultConfigurationIsVisible = 0;
			defaultConfigurationName = Release;
		};
		8FC0AC432154788E00AA26B0 /* Build configuration list for PBXNativeTarget "abcTests" */ = {
			isa = XCConfigurationList;
			buildConfigurations = (
				8FC0AC442154788E00AA26B0 /* Debug */,
				8FC0AC452154788E00AA26B0 /* Release */,
			);
			defaultConfigurationIsVisible = 0;
			defaultConfigurationName = Release;
		};
		8FC0AC462154788E00AA26B0 /* Build configuration list for PBXNativeTarget "abcUITests" */ = {
			isa = XCConfigurationList;
			buildConfigurations = (
				8FC0AC472154788E00AA26B0 /* Debug */,
				8FC0AC482154788E00AA26B0 /* Release */,
			);
			defaultConfigurationIsVisible = 0;
			defaultConfigurationName = Release;
		};
/* End XCConfigurationList section */
	};
	rootObject = 8FC0AC102154788C00AA26B0 /* Project object */;
}
